
Microsoft Visual Studio Solution File, Format Version 12.00
# Visual Studio Version 17
VisualStudioVersion = 17.13.35825.156 d17.13
MinimumVisualStudioVersion = 10.0.40219.1
Project("{54435603-DBB4-11D2-8724-00A0C9A8B90C}") = "MSI Installer", "MSI Installer.vdproj", "{440436E7-3059-45A5-7A5E-E0200CD93955}"
EndProject
Global
	GlobalSection(SolutionConfigurationPlatforms) = preSolution
		Debug|Default = Debug|Default
		Release|Default = Release|Default
	EndGlobalSection
	GlobalSection(ProjectConfigurationPlatforms) = postSolution
		{440436E7-3059-45A5-7A5E-E0200CD93955}.Debug|Default.ActiveCfg = Debug
		{440436E7-3059-45A5-7A5E-E0200CD93955}.Debug|Default.Build.0 = Debug
		{440436E7-3059-45A5-7A5E-E0200CD93955}.Release|Default.ActiveCfg = Release
		{440436E7-3059-45A5-7A5E-E0200CD93955}.Release|Default.Build.0 = Release
	EndGlobalSection
	GlobalSection(SolutionProperties) = preSolution
		HideSolutionNode = FALSE
	EndGlobalSection
	GlobalSection(ExtensibilityGlobals) = postSolution
		SolutionGuid = {B08B8881-0B28-43ED-A1D7-8EC9FB8FD66C}
	EndGlobalSection
EndGlobal
